<?xml version="1.0" encoding="utf-8"?>
<Project ToolsVersion="4.0" xmlns="http://schemas.microsoft.com/developer/msbuild/2003">
  <ItemGroup>
    <Filter Include="Source Files">
      <UniqueIdentifier>{4FC737F1-C7A5-4376-A066-2A32D752A2FF}</UniqueIdentifier>
      <Extensions>cpp;c;cc;cxx;def;odl;idl;hpj;bat;asm;asmx</Extensions>
    </Filter>
    <Filter Include="Header Files">
      <UniqueIdentifier>{93995380-89BD-4b04-88EB-625FBE52EBFB}</UniqueIdentifier>
      <Extensions>h;hh;hpp;hxx;hm;inl;inc;xsd</Extensions>
    </Filter>
    <Filter Include="Resource Files">
      <UniqueIdentifier>{67DA6AB6-F800-4c08-8B7A-83BB121AAD01}</UniqueIdentifier>
      <Extensions>rc;ico;cur;bmp;dlg;rc2;rct;bin;rgs;gif;jpg;jpeg;jpe;resx;tiff;tif;png;wav;mfcribbon-ms</Extensions>
    </Filter>
    <Filter Include="Source Files\GameEngine">
      <UniqueIdentifier>{142392d3-07ff-4296-ac90-43d6e7a6f943}</UniqueIdentifier>
    </Filter>
  </ItemGroup>
  <ItemGroup>
    <ClCompile Include="main.cpp">
      <Filter>Source Files</Filter>
    </ClCompile>
    <ClCompile Include="Source\GameEngine\GameEngineMain.cpp">
      <Filter>Source Files\GameEngine</Filter>
    </ClCompile>
    <ClCompile Include="Source\GameEngine\EntitySystem\Entity.cpp">
      <Filter>Source Files</Filter>
    </ClCompile>
    <ClCompile Include="Source\GameEngine\EntitySystem\Component.cpp">
      <Filter>Source Files</Filter>
    </ClCompile>
    <ClCompile Include="Source\GameEngine\EntitySystem\Components\RenderComponent.cpp">
      <Filter>Source Files</Filter>
    </ClCompile>
    <ClCompile Include="Source\Game\GameBoard.cpp">
      <Filter>Source Files</Filter>
    </ClCompile>
    <ClCompile Include="Source\GameEngine\Util\CollisionManager.cpp">
      <Filter>Source Files</Filter>
    </ClCompile>
    <ClCompile Include="Source\GameEngine\EntitySystem\Components\CollidableComponent.cpp">
      <Filter>Source Files</Filter>
    </ClCompile>
    <ClCompile Include="Source\GameEngine\EntitySystem\Components\CollidablePhysicsComponent.cpp">
      <Filter>Source Files</Filter>
    </ClCompile>
    <ClCompile Include="Source\GameEngine\Util\TextureManager.cpp">
      <Filter>Source Files</Filter>
    </ClCompile>
    <ClCompile Include="Source\GameEngine\EntitySystem\Components\SpriteRenderComponent.cpp">
      <Filter>Source Files</Filter>
    </ClCompile>
    <ClCompile Include="Source\GameEngine\EntitySystem\Components\AnimationComponent.cpp">
      <Filter>Source Files</Filter>
    </ClCompile>
    <ClCompile Include="Source\GameEngine\Util\AnimationManager.cpp">
      <Filter>Source Files</Filter>
    </ClCompile>
    <ClCompile Include="Source\GameEngine\EntitySystem\Components\ParticleComponent.cpp">
      <Filter>Source Files</Filter>
    </ClCompile>
    <ClCompile Include="Source\GameEngine\EntitySystem\Components\ParticleEmitterComponent.cpp">
      <Filter>Source Files</Filter>
    </ClCompile>
    <ClCompile Include="Source\GameEngine\EntitySystem\Components\SoundComponent.cpp">
      <Filter>Source Files</Filter>
    </ClCompile>
    <ClCompile Include="Source\GameEngine\Util\SoundManager.cpp">
      <Filter>Source Files</Filter>
    </ClCompile>
    <ClCompile Include="Source\GameEngine\Util\CameraManager.cpp">
      <Filter>Source Files</Filter>
    </ClCompile>
    <ClCompile Include="Source\Game\Components\PlayerMovementComponent.cpp">
      <Filter>Source Files</Filter>
    </ClCompile>
    <ClCompile Include="Source\Game\Components\playerCameraComponent.cpp">
      <Filter>Source Files</Filter>
    </ClCompile>
    <ClCompile Include="Source\Game\Components\LinkedEntityComponent.cpp">
      <Filter>Source Files</Filter>
    </ClCompile>
    <ClCompile Include="Source\Game\Components\PawnPhysicsComponent.cpp">
      <Filter>Source Files</Filter>
    </ClCompile>
    <ClCompile Include="Source\Game\Components\ItemEntity.cpp">
      <Filter>Source Files</Filter>
    </ClCompile>
    <ClCompile Include="Source\GameEngine\EntitySystem\Components\TextRenderComponent.cpp">
      <Filter>Source Files</Filter>
    </ClCompile>
    <ClCompile Include="Source\Game\Components\npcMovementController.cpp">
      <Filter>Source Files</Filter>
    </ClCompile>
  </ItemGroup>
  <ItemGroup>
    <ClInclude Include="Source\GameEngine\GameEngineMain.h">
      <Filter>Source Files\GameEngine</Filter>
    </ClInclude>
    <ClInclude Include="Source\GameEngine\EntitySystem\Entity.h">
      <Filter>Header Files</Filter>
    </ClInclude>
    <ClInclude Include="Source\GameEngine\EntitySystem\Component.h">
      <Filter>Header Files</Filter>
    </ClInclude>
    <ClInclude Include="Source\GameEngine\EntitySystem\Components\RenderComponent.h">
      <Filter>Header Files</Filter>
    </ClInclude>
    <ClInclude Include="Source\Game\GameBoard.h">
      <Filter>Header Files</Filter>
    </ClInclude>
    <ClInclude Include="Source\GameEngine\Util\CollisionManager.h">
      <Filter>Header Files</Filter>
    </ClInclude>
    <ClInclude Include="Source\GameEngine\EntitySystem\Components\CollidableComponent.h">
      <Filter>Header Files</Filter>
    </ClInclude>
    <ClInclude Include="Source\GameEngine\EntitySystem\Components\CollidablePhysicsComponent.h">
      <Filter>Header Files</Filter>
    </ClInclude>
    <ClInclude Include="Source\GameEngine\Util\TextureManager.h">
      <Filter>Header Files</Filter>
    </ClInclude>
    <ClInclude Include="Source\GameEngine\EntitySystem\Components\SpriteRenderComponent.h">
      <Filter>Header Files</Filter>
    </ClInclude>
    <ClInclude Include="Source\GameEngine\EntitySystem\Components\AnimationComponent.h">
      <Filter>Header Files</Filter>
    </ClInclude>
    <ClInclude Include="Source\GameEngine\Util\AnimationManager.h">
      <Filter>Header Files</Filter>
    </ClInclude>
    <ClInclude Include="Source\GameEngine\EntitySystem\Components\ParticleComponent.h">
      <Filter>Header Files</Filter>
    </ClInclude>
    <ClInclude Include="Source\GameEngine\EntitySystem\Components\ParticleEmitterComponent.h">
      <Filter>Header Files</Filter>
    </ClInclude>
    <ClInclude Include="Source\GameEngine\EntitySystem\Components\SoundComponent.h">
      <Filter>Header Files</Filter>
    </ClInclude>
    <ClInclude Include="Source\GameEngine\Util\SoundManager.h">
      <Filter>Header Files</Filter>
    </ClInclude>
    <ClInclude Include="Source\GameEngine\Util\CameraManager.h">
      <Filter>Header Files</Filter>
    </ClInclude>
    <ClInclude Include="Source\Game\Components\PlayerMovementComponent.h">
      <Filter>Header Files</Filter>
    </ClInclude>
    <ClInclude Include="Source\Game\Components\playerCameraCompenent.h">
      <Filter>Header Files</Filter>
    </ClInclude>
    <ClInclude Include="Source\Game\Components\LinkedEntitycomponent.h">
      <Filter>Header Files</Filter>
    </ClInclude>
    <ClInclude Include="Source\Game\Components\PawnPhysicsComponent.h">
      <Filter>Header Files</Filter>
    </ClInclude>
    <ClInclude Include="Source\Game\Components\ItemEntity.h">
      <Filter>Header Files</Filter>
    </ClInclude>
    <ClInclude Include="Source\GameEngine\EntitySystem\Components\TextRenderComponent.h">
      <Filter>Header Files</Filter>
    </ClInclude>
    <ClInclude Include="Source\Game\Components\npcMovementController.h">
      <Filter>Header Files</Filter>
    </ClInclude>
  </ItemGroup>
  <ItemGroup>
    <Image Include="Resources\img\img\Player.png">
      <Filter>Resource Files</Filter>
    </Image>
    <Image Include="Resources\img\Player.png">
      <Filter>Resource Files</Filter>
    </Image>
    <Image Include="Resources\img\Obstacle.png">
      <Filter>Resource Files</Filter>
    </Image>
    <Image Include="Resources\img\Background.png">
      <Filter>Resource Files</Filter>
    </Image>
    <Image Include="Resources\img\bg.png">
      <Filter>Resource Files</Filter>
    </Image>
    <Image Include="Resources\img\gameover.png">
      <Filter>Resource Files</Filter>
    </Image>
    <Image Include="Resources\img\healthbar.png">
      <Filter>Resource Files</Filter>
    </Image>
    <Image Include="Resources\img\npc.png">
      <Filter>Resource Files</Filter>
    </Image>
    <Image Include="Resources\img\pickup.png">
      <Filter>Resource Files</Filter>
    </Image>
    <Image Include="Resources\img\peanutButter.png">
      <Filter>Resource Files</Filter>
    </Image>
    <Image Include="Resources\img\apple.png">
      <Filter>Resource Files</Filter>
    </Image>
    <Image Include="Resources\img\can.png">
      <Filter>Resource Files</Filter>
    </Image>
    <Image Include="Resources\img\carrot.png">
      <Filter>Resource Files</Filter>
    </Image>
    <Image Include="Resources\img\corn.png">
      <Filter>Resource Files</Filter>
    </Image>
    <Image Include="Resources\img\eggplant.png">
      <Filter>Resource Files</Filter>
    </Image>
    <Image Include="Resources\img\grassbg.png">
      <Filter>Resource Files</Filter>
    </Image>
    <Image Include="Resources\img\soda.png">
      <Filter>Resource Files</Filter>
    </Image>
    <Image Include="Resources\img\spam.png">
      <Filter>Resource Files</Filter>
    </Image>
    <Image Include="Resources\img\wipes.png">
      <Filter>Resource Files</Filter>
    </Image>
  </ItemGroup>
  <ItemGroup>
    <None Include="Source\x64\Release\vc140.pdb" />
    <None Include="Source\x64\Release\UbiGame.tlog\CL.command.1.tlog" />
    <None Include="Source\x64\Release\UbiGame.tlog\CL.read.1.tlog" />
    <None Include="Source\x64\Release\UbiGame.tlog\CL.write.1.tlog" />
    <None Include="Source\x64\Release\UbiGame.tlog\link.command.1.tlog" />
    <None Include="Source\x64\Release\UbiGame.tlog\link.read.1.tlog" />
    <None Include="Source\x64\Release\UbiGame.tlog\link.write.1.tlog" />
    <None Include="Source\x64\Release\UbiGame.tlog\UbiGame.lastbuildstate" />
    <None Include="Source\x64\Debug\vc140.pdb" />
    <None Include="Source\x64\Debug\vc140.idb" />
    <None Include="Source\x64\Debug\UbiGame.tlog\CL.command.1.tlog" />
    <None Include="Source\x64\Debug\UbiGame.tlog\CL.read.1.tlog" />
    <None Include="Source\x64\Debug\UbiGame.tlog\CL.write.1.tlog" />
    <None Include="Source\x64\Debug\UbiGame.tlog\link.command.1.tlog" />
    <None Include="Source\x64\Debug\UbiGame.tlog\link.read.1.tlog" />
    <None Include="Source\x64\Debug\UbiGame.tlog\link.write.1.tlog" />
    <None Include="Source\x64\Debug\UbiGame.tlog\UbiGame.lastbuildstate" />
  </ItemGroup>
  <ItemGroup>
    <Text Include="Source\x64\Release\UbiGame.log" />
    <Text Include="Source\x64\Debug\UbiGame.log" />
  </ItemGroup>
  <ItemGroup>
    <Object Include="Source\x64\Release\TextureManager.obj" />
    <Object Include="Source\x64\Release\RenderComponent.obj" />
    <Object Include="Source\x64\Release\PlayerMovementComponent.obj" />
    <Object Include="Source\x64\Release\PlayerEntity.obj" />
    <Object Include="Source\x64\Release\main.obj" />
    <Object Include="Source\x64\Release\ObstacleEntity.obj" />
    <Object Include="Source\x64\Release\GameEngineMain.obj" />
    <Object Include="Source\x64\Release\GameBoard.obj" />
    <Object Include="Source\x64\Release\Entity.obj" />
    <Object Include="Source\x64\Release\Component.obj" />
    <Object Include="Source\x64\Release\CollisionManager.obj" />
    <Object Include="Source\x64\Release\CollidableComponent.obj" />
    <Object Include="Source\x64\Release\CollidablePhysicsComponent.obj" />
    <Object Include="Source\x64\Debug\TextureManager.obj" />
    <Object Include="Source\x64\Debug\SpriteRenderComponent.obj" />
    <Object Include="Source\x64\Debug\RenderComponent.obj" />
    <Object Include="Source\x64\Debug\PlayerMovementComponent.obj" />
    <Object Include="Source\x64\Debug\PlayerEntity.obj" />
    <Object Include="Source\x64\Debug\ObstacleEntity.obj" />
    <Object Include="Source\x64\Debug\main.obj" />
    <Object Include="Source\x64\Debug\GameEngineMain.obj" />
    <Object Include="Source\x64\Debug\GameBoard.obj" />
    <Object Include="Source\x64\Debug\GameEngine.obj" />
    <Object Include="Source\x64\Debug\Entity.obj" />
    <Object Include="Source\x64\Debug\Component.obj" />
    <Object Include="Source\x64\Debug\CollisionManager.obj" />
    <Object Include="Source\x64\Debug\CollidablePhysicsComponent.obj" />
    <Object Include="Source\x64\Debug\CollidableComponent.obj" />
    <Object Include="Source\x64\Debug\AnimationComponent.obj" />
  </ItemGroup>
</Project>